
Microsoft Visual Studio Solution File, Format Version 12.00
# Visual Studio Version 16
VisualStudioVersion = 16.0.31911.196
MinimumVisualStudioVersion = 10.0.40219.1
Project("{FAE04EC0-301F-11D3-BF4B-00C04F79EFBC}") = "WebApp", "WebApp.csproj", "{874A4249-EAF9-410F-8D65-171F21CE7188}"
EndProject
Global
	GlobalSection(SolutionConfigurationPlatforms) = preSolution
		Debug|Any CPU = Debug|Any CPU
		Release|Any CPU = Release|Any CPU
	EndGlobalSection
	GlobalSection(ProjectConfigurationPlatforms) = postSolution
		{874A4249-EAF9-410F-8D65-171F21CE7188}.Debug|Any CPU.ActiveCfg = Debug|Any CPU
		{874A4249-EAF9-410F-8D65-171F21CE7188}.Debug|Any CPU.Build.0 = Debug|Any CPU
		{874A4249-EAF9-410F-8D65-171F21CE7188}.Release|Any CPU.ActiveCfg = Release|Any CPU
		{874A4249-EAF9-410F-8D65-171F21CE7188}.Release|Any CPU.Build.0 = Release|Any CPU
	EndGlobalSection
	GlobalSection(SolutionProperties) = preSolution
		HideSolutionNode = FALSE
	EndGlobalSection
	GlobalSection(ExtensibilityGlobals) = postSolution
		SolutionGuid = {599914A6-4A34-4BE7-8CC4-3C28DDA5CD08}
	EndGlobalSection
EndGlobal
